
Microsoft Visual Studio Solution File, Format Version 12.00
# Visual Studio Version 16
VisualStudioVersion = 16.0.29215.179
MinimumVisualStudioVersion = 10.0.40219.1
Project("{2150E333-8FDC-42A3-9474-1A3956D46DE8}") = "CleanArch.Application", "CleanArch.Application", "{489DE545-A837-44E7-9E11-672DC879C7D9}"
EndProject
Project("{2150E333-8FDC-42A3-9474-1A3956D46DE8}") = "CleanArch.Domain", "CleanArch.Domain", "{24699C16-16AF-450F-9F3C-EB10B70A849F}"
EndProject
Project("{2150E333-8FDC-42A3-9474-1A3956D46DE8}") = "CleanArch.Infra.IoC", "CleanArch.Infra.IoC", "{A74A9208-93C3-461F-9F0C-872E56661CF8}"
EndProject
Project("{2150E333-8FDC-42A3-9474-1A3956D46DE8}") = "CleanArch.Infra.Data", "CleanArch.Infra.Data", "{5ABAC891-62B9-4AB1-932E-45FE15F93D5D}"
EndProject
Project("{2150E333-8FDC-42A3-9474-1A3956D46DE8}") = "CleanArch.UI.Mvc", "CleanArch.UI.Mvc", "{1CFA56D6-0795-40E0-8526-6912959A3358}"
EndProject
Project("{FAE04EC0-301F-11D3-BF4B-00C04F79EFBC}") = "CleanArch.Mvc", "CleanArch.Mvc\CleanArch.Mvc.csproj", "{B9B36D7C-997E-470A-8348-FB5832968461}"
EndProject
Global
	GlobalSection(SolutionConfigurationPlatforms) = preSolution
		Debug|Any CPU = Debug|Any CPU
		Release|Any CPU = Release|Any CPU
	EndGlobalSection
	GlobalSection(ProjectConfigurationPlatforms) = postSolution
		{B9B36D7C-997E-470A-8348-FB5832968461}.Debug|Any CPU.ActiveCfg = Debug|Any CPU
		{B9B36D7C-997E-470A-8348-FB5832968461}.Debug|Any CPU.Build.0 = Debug|Any CPU
		{B9B36D7C-997E-470A-8348-FB5832968461}.Release|Any CPU.ActiveCfg = Release|Any CPU
		{B9B36D7C-997E-470A-8348-FB5832968461}.Release|Any CPU.Build.0 = Release|Any CPU
	EndGlobalSection
	GlobalSection(SolutionProperties) = preSolution
		HideSolutionNode = FALSE
	EndGlobalSection
	GlobalSection(NestedProjects) = preSolution
		{B9B36D7C-997E-470A-8348-FB5832968461} = {1CFA56D6-0795-40E0-8526-6912959A3358}
	EndGlobalSection
	GlobalSection(ExtensibilityGlobals) = postSolution
		SolutionGuid = {28E5EF4A-4B76-435B-8E60-7D3C7B7C5279}
	EndGlobalSection
EndGlobal
