
Microsoft Visual Studio Solution File, Format Version 12.00
# Visual Studio Version 16
VisualStudioVersion = 16.0.29215.179
MinimumVisualStudioVersion = 10.0.40219.1
Project("{2150E333-8FDC-42A3-9474-1A3956D46DE8}") = "Application", "Application", "{489DE545-A837-44E7-9E11-672DC879C7D9}"
EndProject
Project("{2150E333-8FDC-42A3-9474-1A3956D46DE8}") = "Domain", "Domain", "{24699C16-16AF-450F-9F3C-EB10B70A849F}"
EndProject
Project("{2150E333-8FDC-42A3-9474-1A3956D46DE8}") = "Infra.IoC", "Infra.IoC", "{A74A9208-93C3-461F-9F0C-872E56661CF8}"
EndProject
Project("{2150E333-8FDC-42A3-9474-1A3956D46DE8}") = "Infra.Data", "Infra.Data", "{5ABAC891-62B9-4AB1-932E-45FE15F93D5D}"
EndProject
Project("{2150E333-8FDC-42A3-9474-1A3956D46DE8}") = "Presentation", "Presentation", "{1CFA56D6-0795-40E0-8526-6912959A3358}"
EndProject
Project("{9A19103F-16F7-4668-BE54-9A1E7A4F7556}") = "CleanArch.Mvc", "CleanArch.Mvc\CleanArch.Mvc.csproj", "{B9B36D7C-997E-470A-8348-FB5832968461}"
EndProject
Project("{9A19103F-16F7-4668-BE54-9A1E7A4F7556}") = "CleanArch.Domain", "CleanArch.Domain\CleanArch.Domain.csproj", "{DF34F2A1-2EC4-4D01-9052-736D15B61A6E}"
EndProject
Project("{9A19103F-16F7-4668-BE54-9A1E7A4F7556}") = "CleanArch.Infra.Data", "CleanArch.Infra.Data\CleanArch.Infra.Data.csproj", "{F6336CAF-7AAD-4EFD-9C66-223FCD46B0D3}"
EndProject
Project("{9A19103F-16F7-4668-BE54-9A1E7A4F7556}") = "CleanArch.Application", "CleanArch.Application\CleanArch.Application.csproj", "{D640A4DB-D113-44FD-A787-8BBFA4C9E44B}"
EndProject
Project("{9A19103F-16F7-4668-BE54-9A1E7A4F7556}") = "CleanArch.IoC", "CleanArch.IoC\CleanArch.IoC.csproj", "{B0AA998C-825A-4940-943F-EDC6159B8D2B}"
EndProject
Project("{2150E333-8FDC-42A3-9474-1A3956D46DE8}") = "Infra.Bus", "Infra.Bus", "{4E633525-E6EC-434C-8861-14272857C736}"
EndProject
Project("{2150E333-8FDC-42A3-9474-1A3956D46DE8}") = "Api", "Api", "{29B71548-AF00-4955-B19B-C1A1F7811153}"
EndProject
Global
	GlobalSection(SolutionConfigurationPlatforms) = preSolution
		Debug|Any CPU = Debug|Any CPU
		Release|Any CPU = Release|Any CPU
	EndGlobalSection
	GlobalSection(ProjectConfigurationPlatforms) = postSolution
		{B9B36D7C-997E-470A-8348-FB5832968461}.Debug|Any CPU.ActiveCfg = Debug|Any CPU
		{B9B36D7C-997E-470A-8348-FB5832968461}.Debug|Any CPU.Build.0 = Debug|Any CPU
		{B9B36D7C-997E-470A-8348-FB5832968461}.Release|Any CPU.ActiveCfg = Release|Any CPU
		{B9B36D7C-997E-470A-8348-FB5832968461}.Release|Any CPU.Build.0 = Release|Any CPU
		{DF34F2A1-2EC4-4D01-9052-736D15B61A6E}.Debug|Any CPU.ActiveCfg = Debug|Any CPU
		{DF34F2A1-2EC4-4D01-9052-736D15B61A6E}.Debug|Any CPU.Build.0 = Debug|Any CPU
		{DF34F2A1-2EC4-4D01-9052-736D15B61A6E}.Release|Any CPU.ActiveCfg = Release|Any CPU
		{DF34F2A1-2EC4-4D01-9052-736D15B61A6E}.Release|Any CPU.Build.0 = Release|Any CPU
		{F6336CAF-7AAD-4EFD-9C66-223FCD46B0D3}.Debug|Any CPU.ActiveCfg = Debug|Any CPU
		{F6336CAF-7AAD-4EFD-9C66-223FCD46B0D3}.Debug|Any CPU.Build.0 = Debug|Any CPU
		{F6336CAF-7AAD-4EFD-9C66-223FCD46B0D3}.Release|Any CPU.ActiveCfg = Release|Any CPU
		{F6336CAF-7AAD-4EFD-9C66-223FCD46B0D3}.Release|Any CPU.Build.0 = Release|Any CPU
		{D640A4DB-D113-44FD-A787-8BBFA4C9E44B}.Debug|Any CPU.ActiveCfg = Debug|Any CPU
		{D640A4DB-D113-44FD-A787-8BBFA4C9E44B}.Debug|Any CPU.Build.0 = Debug|Any CPU
		{D640A4DB-D113-44FD-A787-8BBFA4C9E44B}.Release|Any CPU.ActiveCfg = Release|Any CPU
		{D640A4DB-D113-44FD-A787-8BBFA4C9E44B}.Release|Any CPU.Build.0 = Release|Any CPU
		{B0AA998C-825A-4940-943F-EDC6159B8D2B}.Debug|Any CPU.ActiveCfg = Debug|Any CPU
		{B0AA998C-825A-4940-943F-EDC6159B8D2B}.Debug|Any CPU.Build.0 = Debug|Any CPU
		{B0AA998C-825A-4940-943F-EDC6159B8D2B}.Release|Any CPU.ActiveCfg = Release|Any CPU
		{B0AA998C-825A-4940-943F-EDC6159B8D2B}.Release|Any CPU.Build.0 = Release|Any CPU
	EndGlobalSection
	GlobalSection(SolutionProperties) = preSolution
		HideSolutionNode = FALSE
	EndGlobalSection
	GlobalSection(NestedProjects) = preSolution
		{B9B36D7C-997E-470A-8348-FB5832968461} = {1CFA56D6-0795-40E0-8526-6912959A3358}
		{DF34F2A1-2EC4-4D01-9052-736D15B61A6E} = {24699C16-16AF-450F-9F3C-EB10B70A849F}
		{F6336CAF-7AAD-4EFD-9C66-223FCD46B0D3} = {5ABAC891-62B9-4AB1-932E-45FE15F93D5D}
		{D640A4DB-D113-44FD-A787-8BBFA4C9E44B} = {489DE545-A837-44E7-9E11-672DC879C7D9}
		{B0AA998C-825A-4940-943F-EDC6159B8D2B} = {A74A9208-93C3-461F-9F0C-872E56661CF8}
	EndGlobalSection
	GlobalSection(ExtensibilityGlobals) = postSolution
		SolutionGuid = {28E5EF4A-4B76-435B-8E60-7D3C7B7C5279}
	EndGlobalSection
EndGlobal
